
Microsoft Visual Studio Solution File, Format Version 12.00
# Visual Studio Version 17
VisualStudioVersion = 17.2.32526.322
MinimumVisualStudioVersion = 10.0.40219.1
Project("{9A19103F-16F7-4668-BE54-9A1E7A4F7556}") = "DiamondsAPI", "DiamondsNet\DiamondsAPI.csproj", "{1510DE23-C192-4CB0-ACAA-14B693DC0F57}"
EndProject
Global
	GlobalSection(SolutionConfigurationPlatforms) = preSolution
		Debug|Any CPU = Debug|Any CPU
		Release|Any CPU = Release|Any CPU
	EndGlobalSection
	GlobalSection(ProjectConfigurationPlatforms) = postSolution
		{1510DE23-C192-4CB0-ACAA-14B693DC0F57}.Debug|Any CPU.ActiveCfg = Debug|Any CPU
		{1510DE23-C192-4CB0-ACAA-14B693DC0F57}.Debug|Any CPU.Build.0 = Debug|Any CPU
		{1510DE23-C192-4CB0-ACAA-14B693DC0F57}.Release|Any CPU.ActiveCfg = Release|Any CPU
		{1510DE23-C192-4CB0-ACAA-14B693DC0F57}.Release|Any CPU.Build.0 = Release|Any CPU
	EndGlobalSection
	GlobalSection(SolutionProperties) = preSolution
		HideSolutionNode = FALSE
	EndGlobalSection
	GlobalSection(ExtensibilityGlobals) = postSolution
		SolutionGuid = {50009483-9718-4B33-A611-55760A747339}
	EndGlobalSection
EndGlobal
